
Microsoft Visual Studio Solution File, Format Version 12.00
# Visual Studio Version 17
VisualStudioVersion = 17.0.32112.339
MinimumVisualStudioVersion = 10.0.40219.1
Project("{FAE04EC0-301F-11D3-BF4B-00C04F79EFBC}") = "Kinoboom1", "WpfApp1\Kinoboom1.csproj", "{79430AA0-A18C-414B-96A6-A37A49BFEC24}"
EndProject
Project("{FAE04EC0-301F-11D3-BF4B-00C04F79EFBC}") = "Tests", "Tests\Tests.csproj", "{7DAD3C82-C7E5-4BDD-A8F7-697E10587A5A}"
EndProject
Global
	GlobalSection(SolutionConfigurationPlatforms) = preSolution
		Debug|Any CPU = Debug|Any CPU
		Release|Any CPU = Release|Any CPU
	EndGlobalSection
	GlobalSection(ProjectConfigurationPlatforms) = postSolution
		{79430AA0-A18C-414B-96A6-A37A49BFEC24}.Debug|Any CPU.ActiveCfg = Debug|Any CPU
		{79430AA0-A18C-414B-96A6-A37A49BFEC24}.Debug|Any CPU.Build.0 = Debug|Any CPU
		{79430AA0-A18C-414B-96A6-A37A49BFEC24}.Release|Any CPU.ActiveCfg = Release|Any CPU
		{79430AA0-A18C-414B-96A6-A37A49BFEC24}.Release|Any CPU.Build.0 = Release|Any CPU
		{7DAD3C82-C7E5-4BDD-A8F7-697E10587A5A}.Debug|Any CPU.ActiveCfg = Debug|Any CPU
		{7DAD3C82-C7E5-4BDD-A8F7-697E10587A5A}.Debug|Any CPU.Build.0 = Debug|Any CPU
		{7DAD3C82-C7E5-4BDD-A8F7-697E10587A5A}.Release|Any CPU.ActiveCfg = Release|Any CPU
		{7DAD3C82-C7E5-4BDD-A8F7-697E10587A5A}.Release|Any CPU.Build.0 = Release|Any CPU
	EndGlobalSection
	GlobalSection(SolutionProperties) = preSolution
		HideSolutionNode = FALSE
	EndGlobalSection
	GlobalSection(ExtensibilityGlobals) = postSolution
		SolutionGuid = {81FF6C2F-4128-4B02-A8A4-820918770972}
	EndGlobalSection
EndGlobal
